
Microsoft Visual Studio Solution File, Format Version 12.00
# Visual Studio Version 17
VisualStudioVersion = 17.14.36414.22
MinimumVisualStudioVersion = 10.0.40219.1
Project("{FAE04EC0-301F-11D3-BF4B-00C04F79EFBC}") = "BlazorApp3semesterEksamensProjektMappe", "BlazorApp3semesterEksamensProjektMappe\BlazorApp3semesterEksamensProjektMappe.csproj", "{5B785AB4-C0DD-47DE-8863-ADAF5CFE598B}"
EndProject
Project("{FAE04EC0-301F-11D3-BF4B-00C04F79EFBC}") = "BlazorApp3semesterEksamensProjektMappe.Client", "BlazorApp3semesterEksamensProjektMappe.Client\BlazorApp3semesterEksamensProjektMappe.Client.csproj", "{B46DE682-005F-41C3-A769-862F32E62ECD}"
EndProject
Project("{FAE04EC0-301F-11D3-BF4B-00C04F79EFBC}") = "BlazorApp3semesterEksamensProjektMappe.shared", "BlazorApp3semesterEksamensProjektMappe.shared\BlazorApp3semesterEksamensProjektMappe.shared.csproj", "{A2F4C8A3-172C-4052-8289-DBA3E9B84538}"
EndProject
Global
	GlobalSection(SolutionConfigurationPlatforms) = preSolution
		Debug|Any CPU = Debug|Any CPU
		Release|Any CPU = Release|Any CPU
	EndGlobalSection
	GlobalSection(ProjectConfigurationPlatforms) = postSolution
		{5B785AB4-C0DD-47DE-8863-ADAF5CFE598B}.Debug|Any CPU.ActiveCfg = Debug|Any CPU
		{5B785AB4-C0DD-47DE-8863-ADAF5CFE598B}.Debug|Any CPU.Build.0 = Debug|Any CPU
		{5B785AB4-C0DD-47DE-8863-ADAF5CFE598B}.Release|Any CPU.ActiveCfg = Release|Any CPU
		{5B785AB4-C0DD-47DE-8863-ADAF5CFE598B}.Release|Any CPU.Build.0 = Release|Any CPU
		{B46DE682-005F-41C3-A769-862F32E62ECD}.Debug|Any CPU.ActiveCfg = Debug|Any CPU
		{B46DE682-005F-41C3-A769-862F32E62ECD}.Debug|Any CPU.Build.0 = Debug|Any CPU
		{B46DE682-005F-41C3-A769-862F32E62ECD}.Release|Any CPU.ActiveCfg = Release|Any CPU
		{B46DE682-005F-41C3-A769-862F32E62ECD}.Release|Any CPU.Build.0 = Release|Any CPU
		{A2F4C8A3-172C-4052-8289-DBA3E9B84538}.Debug|Any CPU.ActiveCfg = Debug|Any CPU
		{A2F4C8A3-172C-4052-8289-DBA3E9B84538}.Debug|Any CPU.Build.0 = Debug|Any CPU
		{A2F4C8A3-172C-4052-8289-DBA3E9B84538}.Release|Any CPU.ActiveCfg = Release|Any CPU
		{A2F4C8A3-172C-4052-8289-DBA3E9B84538}.Release|Any CPU.Build.0 = Release|Any CPU
	EndGlobalSection
	GlobalSection(SolutionProperties) = preSolution
		HideSolutionNode = FALSE
	EndGlobalSection
	GlobalSection(ExtensibilityGlobals) = postSolution
		SolutionGuid = {77C0C210-E421-4B79-A85E-D263148331AE}
	EndGlobalSection
EndGlobal
