
Microsoft Visual Studio Solution File, Format Version 12.00
# Visual Studio Version 17
VisualStudioVersion = 17.14.36414.22
MinimumVisualStudioVersion = 10.0.40219.1
Project("{FAE04EC0-301F-11D3-BF4B-00C04F79EFBC}") = "Danplanner", "Danplanner\Danplanner.csproj", "{5B785AB4-C0DD-47DE-8863-ADAF5CFE598B}"
EndProject
Project("{FAE04EC0-301F-11D3-BF4B-00C04F79EFBC}") = "Danplanner.Client", "Danplanner.Client\Danplanner.Client.csproj", "{B46DE682-005F-41C3-A769-862F32E62ECD}"
EndProject
Project("{FAE04EC0-301F-11D3-BF4B-00C04F79EFBC}") = "Danplanner.Shared", "Danplanner.Shared\Danplanner.Shared.csproj", "{A2F4C8A3-172C-4052-8289-DBA3E9B84538}"
EndProject
Project("{FAE04EC0-301F-11D3-BF4B-00C04F79EFBC}") = "Gateway", "Gateway\Gateway.csproj", "{375DE20D-0DC5-4322-AD54-FEFDB76EAA65}"
EndProject
Project("{FAE04EC0-301F-11D3-BF4B-00C04F79EFBC}") = "AuthenticationService", "AuthenticationService\AuthenticationService.csproj", "{F3D8D9DE-A899-4B77-98D8-B3111B572585}"
EndProject
Project("{FAE04EC0-301F-11D3-BF4B-00C04F79EFBC}") = "Danplanner.Tests", "Danplanner.Tests\Danplanner.Tests.csproj", "{C2686D05-8276-4512-9A24-D5BBAAAC61D3}"
EndProject
Global
	GlobalSection(SolutionConfigurationPlatforms) = preSolution
		Debug|Any CPU = Debug|Any CPU
		Debug|x64 = Debug|x64
		Debug|x86 = Debug|x86
		Release|Any CPU = Release|Any CPU
		Release|x64 = Release|x64
		Release|x86 = Release|x86
	EndGlobalSection
	GlobalSection(ProjectConfigurationPlatforms) = postSolution
		{5B785AB4-C0DD-47DE-8863-ADAF5CFE598B}.Debug|Any CPU.ActiveCfg = Debug|Any CPU
		{5B785AB4-C0DD-47DE-8863-ADAF5CFE598B}.Debug|Any CPU.Build.0 = Debug|Any CPU
		{5B785AB4-C0DD-47DE-8863-ADAF5CFE598B}.Debug|x64.ActiveCfg = Debug|Any CPU
		{5B785AB4-C0DD-47DE-8863-ADAF5CFE598B}.Debug|x64.Build.0 = Debug|Any CPU
		{5B785AB4-C0DD-47DE-8863-ADAF5CFE598B}.Debug|x86.ActiveCfg = Debug|Any CPU
		{5B785AB4-C0DD-47DE-8863-ADAF5CFE598B}.Debug|x86.Build.0 = Debug|Any CPU
		{5B785AB4-C0DD-47DE-8863-ADAF5CFE598B}.Release|Any CPU.ActiveCfg = Release|Any CPU
		{5B785AB4-C0DD-47DE-8863-ADAF5CFE598B}.Release|Any CPU.Build.0 = Release|Any CPU
		{5B785AB4-C0DD-47DE-8863-ADAF5CFE598B}.Release|x64.ActiveCfg = Release|Any CPU
		{5B785AB4-C0DD-47DE-8863-ADAF5CFE598B}.Release|x64.Build.0 = Release|Any CPU
		{5B785AB4-C0DD-47DE-8863-ADAF5CFE598B}.Release|x86.ActiveCfg = Release|Any CPU
		{5B785AB4-C0DD-47DE-8863-ADAF5CFE598B}.Release|x86.Build.0 = Release|Any CPU
		{B46DE682-005F-41C3-A769-862F32E62ECD}.Debug|Any CPU.ActiveCfg = Debug|Any CPU
		{B46DE682-005F-41C3-A769-862F32E62ECD}.Debug|Any CPU.Build.0 = Debug|Any CPU
		{B46DE682-005F-41C3-A769-862F32E62ECD}.Debug|x64.ActiveCfg = Debug|Any CPU
		{B46DE682-005F-41C3-A769-862F32E62ECD}.Debug|x64.Build.0 = Debug|Any CPU
		{B46DE682-005F-41C3-A769-862F32E62ECD}.Debug|x86.ActiveCfg = Debug|Any CPU
		{B46DE682-005F-41C3-A769-862F32E62ECD}.Debug|x86.Build.0 = Debug|Any CPU
		{B46DE682-005F-41C3-A769-862F32E62ECD}.Release|Any CPU.ActiveCfg = Release|Any CPU
		{B46DE682-005F-41C3-A769-862F32E62ECD}.Release|Any CPU.Build.0 = Release|Any CPU
		{B46DE682-005F-41C3-A769-862F32E62ECD}.Release|x64.ActiveCfg = Release|Any CPU
		{B46DE682-005F-41C3-A769-862F32E62ECD}.Release|x64.Build.0 = Release|Any CPU
		{B46DE682-005F-41C3-A769-862F32E62ECD}.Release|x86.ActiveCfg = Release|Any CPU
		{B46DE682-005F-41C3-A769-862F32E62ECD}.Release|x86.Build.0 = Release|Any CPU
		{A2F4C8A3-172C-4052-8289-DBA3E9B84538}.Debug|Any CPU.ActiveCfg = Debug|Any CPU
		{A2F4C8A3-172C-4052-8289-DBA3E9B84538}.Debug|Any CPU.Build.0 = Debug|Any CPU
		{A2F4C8A3-172C-4052-8289-DBA3E9B84538}.Debug|x64.ActiveCfg = Debug|Any CPU
		{A2F4C8A3-172C-4052-8289-DBA3E9B84538}.Debug|x64.Build.0 = Debug|Any CPU
		{A2F4C8A3-172C-4052-8289-DBA3E9B84538}.Debug|x86.ActiveCfg = Debug|Any CPU
		{A2F4C8A3-172C-4052-8289-DBA3E9B84538}.Debug|x86.Build.0 = Debug|Any CPU
		{A2F4C8A3-172C-4052-8289-DBA3E9B84538}.Release|Any CPU.ActiveCfg = Release|Any CPU
		{A2F4C8A3-172C-4052-8289-DBA3E9B84538}.Release|Any CPU.Build.0 = Release|Any CPU
		{A2F4C8A3-172C-4052-8289-DBA3E9B84538}.Release|x64.ActiveCfg = Release|Any CPU
		{A2F4C8A3-172C-4052-8289-DBA3E9B84538}.Release|x64.Build.0 = Release|Any CPU
		{A2F4C8A3-172C-4052-8289-DBA3E9B84538}.Release|x86.ActiveCfg = Release|Any CPU
		{A2F4C8A3-172C-4052-8289-DBA3E9B84538}.Release|x86.Build.0 = Release|Any CPU
		{375DE20D-0DC5-4322-AD54-FEFDB76EAA65}.Debug|Any CPU.ActiveCfg = Debug|Any CPU
		{375DE20D-0DC5-4322-AD54-FEFDB76EAA65}.Debug|Any CPU.Build.0 = Debug|Any CPU
		{375DE20D-0DC5-4322-AD54-FEFDB76EAA65}.Debug|x64.ActiveCfg = Debug|Any CPU
		{375DE20D-0DC5-4322-AD54-FEFDB76EAA65}.Debug|x64.Build.0 = Debug|Any CPU
		{375DE20D-0DC5-4322-AD54-FEFDB76EAA65}.Debug|x86.ActiveCfg = Debug|Any CPU
		{375DE20D-0DC5-4322-AD54-FEFDB76EAA65}.Debug|x86.Build.0 = Debug|Any CPU
		{375DE20D-0DC5-4322-AD54-FEFDB76EAA65}.Release|Any CPU.ActiveCfg = Release|Any CPU
		{375DE20D-0DC5-4322-AD54-FEFDB76EAA65}.Release|Any CPU.Build.0 = Release|Any CPU
		{375DE20D-0DC5-4322-AD54-FEFDB76EAA65}.Release|x64.ActiveCfg = Release|Any CPU
		{375DE20D-0DC5-4322-AD54-FEFDB76EAA65}.Release|x64.Build.0 = Release|Any CPU
		{375DE20D-0DC5-4322-AD54-FEFDB76EAA65}.Release|x86.ActiveCfg = Release|Any CPU
		{375DE20D-0DC5-4322-AD54-FEFDB76EAA65}.Release|x86.Build.0 = Release|Any CPU
		{F3D8D9DE-A899-4B77-98D8-B3111B572585}.Debug|Any CPU.ActiveCfg = Debug|Any CPU
		{F3D8D9DE-A899-4B77-98D8-B3111B572585}.Debug|Any CPU.Build.0 = Debug|Any CPU
		{F3D8D9DE-A899-4B77-98D8-B3111B572585}.Debug|x64.ActiveCfg = Debug|Any CPU
		{F3D8D9DE-A899-4B77-98D8-B3111B572585}.Debug|x64.Build.0 = Debug|Any CPU
		{F3D8D9DE-A899-4B77-98D8-B3111B572585}.Debug|x86.ActiveCfg = Debug|Any CPU
		{F3D8D9DE-A899-4B77-98D8-B3111B572585}.Debug|x86.Build.0 = Debug|Any CPU
		{F3D8D9DE-A899-4B77-98D8-B3111B572585}.Release|Any CPU.ActiveCfg = Release|Any CPU
		{F3D8D9DE-A899-4B77-98D8-B3111B572585}.Release|Any CPU.Build.0 = Release|Any CPU
		{F3D8D9DE-A899-4B77-98D8-B3111B572585}.Release|x64.ActiveCfg = Release|Any CPU
		{F3D8D9DE-A899-4B77-98D8-B3111B572585}.Release|x64.Build.0 = Release|Any CPU
		{F3D8D9DE-A899-4B77-98D8-B3111B572585}.Release|x86.ActiveCfg = Release|Any CPU
		{F3D8D9DE-A899-4B77-98D8-B3111B572585}.Release|x86.Build.0 = Release|Any CPU
		{C2686D05-8276-4512-9A24-D5BBAAAC61D3}.Debug|Any CPU.ActiveCfg = Debug|Any CPU
		{C2686D05-8276-4512-9A24-D5BBAAAC61D3}.Debug|Any CPU.Build.0 = Debug|Any CPU
		{C2686D05-8276-4512-9A24-D5BBAAAC61D3}.Debug|x64.ActiveCfg = Debug|Any CPU
		{C2686D05-8276-4512-9A24-D5BBAAAC61D3}.Debug|x64.Build.0 = Debug|Any CPU
		{C2686D05-8276-4512-9A24-D5BBAAAC61D3}.Debug|x86.ActiveCfg = Debug|Any CPU
		{C2686D05-8276-4512-9A24-D5BBAAAC61D3}.Debug|x86.Build.0 = Debug|Any CPU
		{C2686D05-8276-4512-9A24-D5BBAAAC61D3}.Release|Any CPU.ActiveCfg = Release|Any CPU
		{C2686D05-8276-4512-9A24-D5BBAAAC61D3}.Release|Any CPU.Build.0 = Release|Any CPU
		{C2686D05-8276-4512-9A24-D5BBAAAC61D3}.Release|x64.ActiveCfg = Release|Any CPU
		{C2686D05-8276-4512-9A24-D5BBAAAC61D3}.Release|x64.Build.0 = Release|Any CPU
		{C2686D05-8276-4512-9A24-D5BBAAAC61D3}.Release|x86.ActiveCfg = Release|Any CPU
		{C2686D05-8276-4512-9A24-D5BBAAAC61D3}.Release|x86.Build.0 = Release|Any CPU
	EndGlobalSection
	GlobalSection(SolutionProperties) = preSolution
		HideSolutionNode = FALSE
	EndGlobalSection
	GlobalSection(ExtensibilityGlobals) = postSolution
		SolutionGuid = {77C0C210-E421-4B79-A85E-D263148331AE}
	EndGlobalSection
EndGlobal
